// !$*UTF8*$!
{
	archiveVersion = 1;
	classes = {
	};
	objectVersion = 46;
	objects = {

/* Begin PBXBuildFile section */
		CFAEA8071ED9294D003A34F5 /* TRSDialScrollView.m in Sources */ = {isa = PBXBuildFile; fileRef = CFAEA8041ED9294D003A34F5 /* TRSDialScrollView.m */; };
		CFAEA8081ED9294D003A34F5 /* TRSDialView.m in Sources */ = {isa = PBXBuildFile; fileRef = CFAEA8061ED9294D003A34F5 /* TRSDialView.m */; };
		CFF610771DCB171B007F11E7 /* main.m in Sources */ = {isa = PBXBuildFile; fileRef = CFF610761DCB171B007F11E7 /* main.m */; };
		CFF6107A1DCB171B007F11E7 /* AppDelegate.m in Sources */ = {isa = PBXBuildFile; fileRef = CFF610791DCB171B007F11E7 /* AppDelegate.m */; };
		CFF6107D1DCB171B007F11E7 /* ViewController.m in Sources */ = {isa = PBXBuildFile; fileRef = CFF6107C1DCB171B007F11E7 /* ViewController.m */; };
		CFF610801DCB171B007F11E7 /* Main.storyboard in Resources */ = {isa = PBXBuildFile; fileRef = CFF6107E1DCB171B007F11E7 /* Main.storyboard */; };
		CFF610821DCB171B007F11E7 /* Assets.xcassets in Resources */ = {isa = PBXBuildFile; fileRef = CFF610811DCB171B007F11E7 /* Assets.xcassets */; };
		CFF610851DCB171B007F11E7 /* LaunchScreen.storyboard in Resources */ = {isa = PBXBuildFile; fileRef = CFF610831DCB171B007F11E7 /* LaunchScreen.storyboard */; };
/* End PBXBuildFile section */

/* Begin PBXFileReference section */
		CFAEA8031ED9294D003A34F5 /* TRSDialScrollView.h */ = {isa = PBXFileReference; fileEncoding = 4; lastKnownFileType = sourcecode.c.h; path = TRSDialScrollView.h; sourceTree = "<group>"; };
		CFAEA8041ED9294D003A34F5 /* TRSDialScrollView.m */ = {isa = PBXFileReference; fileEncoding = 4; lastKnownFileType = sourcecode.c.objc; path = TRSDialScrollView.m; sourceTree = "<group>"; };
		CFAEA8051ED9294D003A34F5 /* TRSDialView.h */ = {isa = PBXFileReference; fileEncoding = 4; lastKnownFileType = sourcecode.c.h; path = TRSDialView.h; sourceTree = "<group>"; };
		CFAEA8061ED9294D003A34F5 /* TRSDialView.m */ = {isa = PBXFileReference; fileEncoding = 4; lastKnownFileType = sourcecode.c.objc; path = TRSDialView.m; sourceTree = "<group>"; };
		CFF610721DCB171B007F11E7 /* test1.app */ = {isa = PBXFileReference; explicitFileType = wrapper.application; includeInIndex = 0; path = test1.app; sourceTree = BUILT_PRODUCTS_DIR; };
		CFF610761DCB171B007F11E7 /* main.m */ = {isa = PBXFileReference; lastKnownFileType = sourcecode.c.objc; path = main.m; sourceTree = "<group>"; };
		CFF610781DCB171B007F11E7 /* AppDelegate.h */ = {isa = PBXFileReference; lastKnownFileType = sourcecode.c.h; path = AppDelegate.h; sourceTree = "<group>"; };
		CFF610791DCB171B007F11E7 /* AppDelegate.m */ = {isa = PBXFileReference; lastKnownFileType = sourcecode.c.objc; path = AppDelegate.m; sourceTree = "<group>"; };
		CFF6107B1DCB171B007F11E7 /* ViewController.h */ = {isa = PBXFileReference; lastKnownFileType = sourcecode.c.h; path = ViewController.h; sourceTree = "<group>"; };
		CFF6107C1DCB171B007F11E7 /* ViewController.m */ = {isa = PBXFileReference; lastKnownFileType = sourcecode.c.objc; path = ViewController.m; sourceTree = "<group>"; };
		CFF6107F1DCB171B007F11E7 /* Base */ = {isa = PBXFileReference; lastKnownFileType = file.storyboard; name = Base; path = Base.lproj/Main.storyboard; sourceTree = "<group>"; };
		CFF610811DCB171B007F11E7 /* Assets.xcassets */ = {isa = PBXFileReference; lastKnownFileType = folder.assetcatalog; path = Assets.xcassets; sourceTree = "<group>"; };
		CFF610841DCB171B007F11E7 /* Base */ = {isa = PBXFileReference; lastKnownFileType = file.storyboard; name = Base; path = Base.lproj/LaunchScreen.storyboard; sourceTree = "<group>"; };
		CFF610861DCB171B007F11E7 /* Info.plist */ = {isa = PBXFileReference; lastKnownFileType = text.plist.xml; path = Info.plist; sourceTree = "<group>"; };
/* End PBXFileReference section */

/* Begin PBXFrameworksBuildPhase section */
		CFF6106F1DCB171B007F11E7 /* Frameworks */ = {
			isa = PBXFrameworksBuildPhase;
			buildActionMask = 2147483647;
			files = (
			);
			runOnlyForDeploymentPostprocessing = 0;
		};
/* End PBXFrameworksBuildPhase section */

/* Begin PBXGroup section */
		CFAEA8021ED9294D003A34F5 /* SCTRSDialScrollView */ = {
			isa = PBXGroup;
			children = (
				CFAEA8031ED9294D003A34F5 /* TRSDialScrollView.h */,
				CFAEA8041ED9294D003A34F5 /* TRSDialScrollView.m */,
				CFAEA8051ED9294D003A34F5 /* TRSDialView.h */,
				CFAEA8061ED9294D003A34F5 /* TRSDialView.m */,
			);
			path = SCTRSDialScrollView;
			sourceTree = "<group>";
		};
		CFF610691DCB171B007F11E7 = {
			isa = PBXGroup;
			children = (
				CFF610741DCB171B007F11E7 /* test1 */,
				CFF610731DCB171B007F11E7 /* Products */,
			);
			sourceTree = "<group>";
		};
		CFF610731DCB171B007F11E7 /* Products */ = {
			isa = PBXGroup;
			children = (
				CFF610721DCB171B007F11E7 /* test1.app */,
			);
			name = Products;
			sourceTree = "<group>";
		};
		CFF610741DCB171B007F11E7 /* test1 */ = {
			isa = PBXGroup;
			children = (
				CFAEA8021ED9294D003A34F5 /* SCTRSDialScrollView */,
				CFF610781DCB171B007F11E7 /* AppDelegate.h */,
				CFF610791DCB171B007F11E7 /* AppDelegate.m */,
				CFF6107B1DCB171B007F11E7 /* ViewController.h */,
				CFF6107C1DCB171B007F11E7 /* ViewController.m */,
				CFF6107E1DCB171B007F11E7 /* Main.storyboard */,
				CFF610811DCB171B007F11E7 /* Assets.xcassets */,
				CFF610831DCB171B007F11E7 /* LaunchScreen.storyboard */,
				CFF610861DCB171B007F11E7 /* Info.plist */,
				CFF610751DCB171B007F11E7 /* Supporting Files */,
			);
			path = test1;
			sourceTree = "<group>";
		};
		CFF610751DCB171B007F11E7 /* Supporting Files */ = {
			isa = PBXGroup;
			children = (
				CFF610761DCB171B007F11E7 /* main.m */,
			);
			name = "Supporting Files";
			sourceTree = "<group>";
		};
/* End PBXGroup section */

/* Begin PBXNativeTarget section */
		CFF610711DCB171B007F11E7 /* test1 */ = {
			isa = PBXNativeTarget;
			buildConfigurationList = CFF610891DCB171B007F11E7 /* Build configuration list for PBXNativeTarget "test1" */;
			buildPhases = (
				CFF6106E1DCB171B007F11E7 /* Sources */,
				CFF6106F1DCB171B007F11E7 /* Frameworks */,
				CFF610701DCB171B007F11E7 /* Resources */,
			);
			buildRules = (
			);
			dependencies = (
			);
			name = test1;
			productName = test1;
			productReference = CFF610721DCB171B007F11E7 /* test1.app */;
			productType = "com.apple.product-type.application";
		};
/* End PBXNativeTarget section */

/* Begin PBXProject section */
		CFF6106A1DCB171B007F11E7 /* Project object */ = {
			isa = PBXProject;
			attributes = {
				LastUpgradeCheck = 0810;
				ORGANIZATIONNAME = maoqiang;
				TargetAttributes = {
					CFF610711DCB171B007F11E7 = {
						CreatedOnToolsVersion = 8.1;
						ProvisioningStyle = Automatic;
					};
				};
			};
			buildConfigurationList = CFF6106D1DCB171B007F11E7 /* Build configuration list for PBXProject "test1" */;
			compatibilityVersion = "Xcode 3.2";
			developmentRegion = English;
			hasScannedForEncodings = 0;
			knownRegions = (
				en,
				Base,
			);
			mainGroup = CFF610691DCB171B007F11E7;
			productRefGroup = CFF610731DCB171B007F11E7 /* Products */;
			projectDirPath = "";
			projectRoot = "";
			targets = (
				CFF610711DCB171B007F11E7 /* test1 */,
			);
		};
/* End PBXProject section */

/* Begin PBXResourcesBuildPhase section */
		CFF610701DCB171B007F11E7 /* Resources */ = {
			isa = PBXResourcesBuildPhase;
			buildActionMask = 2147483647;
			files = (
				CFF610851DCB171B007F11E7 /* LaunchScreen.storyboard in Resources */,
				CFF610821DCB171B007F11E7 /* Assets.xcassets in Resources */,
				CFF610801DCB171B007F11E7 /* Main.storyboard in Resources */,
			);
			runOnlyForDeploymentPostprocessing = 0;
		};
/* End PBXResourcesBuildPhase section */

/* Begin PBXSourcesBuildPhase section */
		CFF6106E1DCB171B007F11E7 /* Sources */ = {
			isa = PBXSourcesBuildPhase;
			buildActionMask = 2147483647;
			files = (
				CFF6107D1DCB171B007F11E7 /* ViewController.m in Sources */,
				CFF6107A1DCB171B007F11E7 /* AppDelegate.m in Sources */,
				CFF610771DCB171B007F11E7 /* main.m in Sources */,
				CFAEA8071ED9294D003A34F5 /* TRSDialScrollView.m in Sources */,
				CFAEA8081ED9294D003A34F5 /* TRSDialView.m in Sources */,
			);
			runOnlyForDeploymentPostprocessing = 0;
		};
/* End PBXSourcesBuildPhase section */

/* Begin PBXVariantGroup section */
		CFF6107E1DCB171B007F11E7 /* Main.storyboard */ = {
			isa = PBXVariantGroup;
			children = (
				CFF6107F1DCB171B007F11E7 /* Base */,
			);
			name = Main.storyboard;
			sourceTree = "<group>";
		};
		CFF610831DCB171B007F11E7 /* LaunchScreen.storyboard */ = {
			isa = PBXVariantGroup;
			children = (
				CFF610841DCB171B007F11E7 /* Base */,
			);
			name = LaunchScreen.storyboard;
			sourceTree = "<group>";
		};
/* End PBXVariantGroup section */

/* Begin XCBuildConfiguration section */
		CFF610871DCB171B007F11E7 /* Debug */ = {
			isa = XCBuildConfiguration;
			buildSettings = {
				ALWAYS_SEARCH_USER_PATHS = NO;
				CLANG_ANALYZER_NONNULL = YES;
				CLANG_CXX_LANGUAGE_STANDARD = "gnu++0x";
				CLANG_CXX_LIBRARY = "libc++";
				CLANG_ENABLE_MODULES = YES;
				CLANG_ENABLE_OBJC_ARC = YES;
				CLANG_WARN_BOOL_CONVERSION = YES;
				CLANG_WARN_CONSTANT_CONVERSION = YES;
				CLANG_WARN_DIRECT_OBJC_ISA_USAGE = YES_ERROR;
				CLANG_WARN_DOCUMENTATION_COMMENTS = YES;
				CLANG_WARN_EMPTY_BODY = YES;
				CLANG_WARN_ENUM_CONVERSION = YES;
				CLANG_WARN_INFINITE_RECURSION = YES;
				CLANG_WARN_INT_CONVERSION = YES;
				CLANG_WARN_OBJC_ROOT_CLASS = YES_ERROR;
				CLANG_WARN_SUSPICIOUS_MOVES = YES;
				CLANG_WARN_UNREACHABLE_CODE = YES;
				CLANG_WARN__DUPLICATE_METHOD_MATCH = YES;
				"CODE_SIGN_IDENTITY[sdk=iphoneos*]" = "iPhone Developer";
				COPY_PHASE_STRIP = NO;
				DEBUG_INFORMATION_FORMAT = dwarf;
				ENABLE_STRICT_OBJC_MSGSEND = YES;
				ENABLE_TESTABILITY = YES;
				GCC_C_LANGUAGE_STANDARD = gnu99;
				GCC_DYNAMIC_NO_PIC = NO;
				GCC_NO_COMMON_BLOCKS = YES;
				GCC_OPTIMIZATION_LEVEL = 0;
				GCC_PREPROCESSOR_DEFINITIONS = (
					"DEBUG=1",
					"$(inherited)",
				);
				GCC_WARN_64_TO_32_BIT_CONVERSION = YES;
				GCC_WARN_ABOUT_RETURN_TYPE = YES_ERROR;
				GCC_WARN_UNDECLARED_SELECTOR = YES;
				GCC_WARN_UNINITIALIZED_AUTOS = YES_AGGRESSIVE;
				GCC_WARN_UNUSED_FUNCTION = YES;
				GCC_WARN_UNUSED_VARIABLE = YES;
				IPHONEOS_DEPLOYMENT_TARGET = 10.1;
				MTL_ENABLE_DEBUG_INFO = YES;
				ONLY_ACTIVE_ARCH = YES;
				SDKROOT = iphoneos;
				TARGETED_DEVICE_FAMILY = "1,2";
			};
			name = Debug;
		};
		CFF610881DCB171B007F11E7 /* Release */ = {
			isa = XCBuildConfiguration;
			buildSettings = {
				ALWAYS_SEARCH_USER_PATHS = NO;
				CLANG_ANALYZER_NONNULL = YES;
				CLANG_CXX_LANGUAGE_STANDARD = "gnu++0x";
				CLANG_CXX_LIBRARY = "libc++";
				CLANG_ENABLE_MODULES = YES;
				CLANG_ENABLE_OBJC_ARC = YES;
				CLANG_WARN_BOOL_CONVERSION = YES;
				CLANG_WARN_CONSTANT_CONVERSION = YES;
				CLANG_WARN_DIRECT_OBJC_ISA_USAGE = YES_ERROR;
				CLANG_WARN_DOCUMENTATION_COMMENTS = YES;
				CLANG_WARN_EMPTY_BODY = YES;
				CLANG_WARN_ENUM_CONVERSION = YES;
				CLANG_WARN_INFINITE_RECURSION = YES;
				CLANG_WARN_INT_CONVERSION = YES;
				CLANG_WARN_OBJC_ROOT_CLASS = YES_ERROR;
				CLANG_WARN_SUSPICIOUS_MOVES = YES;
				CLANG_WARN_UNREACHABLE_CODE = YES;
				CLANG_WARN__DUPLICATE_METHOD_MATCH = YES;
				"CODE_SIGN_IDENTITY[sdk=iphoneos*]" = "iPhone Developer";
				COPY_PHASE_STRIP = NO;
				DEBUG_INFORMATION_FORMAT = "dwarf-with-dsym";
				ENABLE_NS_ASSERTIONS = NO;
				ENABLE_STRICT_OBJC_MSGSEND = YES;
				GCC_C_LANGUAGE_STANDARD = gnu99;
				GCC_NO_COMMON_BLOCKS = YES;
				GCC_WARN_64_TO_32_BIT_CONVERSION = YES;
				GCC_WARN_ABOUT_RETURN_TYPE = YES_ERROR;
				GCC_WARN_UNDECLARED_SELECTOR = YES;
				GCC_WARN_UNINITIALIZED_AUTOS = YES_AGGRESSIVE;
				GCC_WARN_UNUSED_FUNCTION = YES;
				GCC_WARN_UNUSED_VARIABLE = YES;
				IPHONEOS_DEPLOYMENT_TARGET = 10.1;
				MTL_ENABLE_DEBUG_INFO = NO;
				SDKROOT = iphoneos;
				TARGETED_DEVICE_FAMILY = "1,2";
				VALIDATE_PRODUCT = YES;
			};
			name = Release;
		};
		CFF6108A1DCB171B007F11E7 /* Debug */ = {
			isa = XCBuildConfiguration;
			buildSettings = {
				ASSETCATALOG_COMPILER_APPICON_NAME = AppIcon;
				INFOPLIST_FILE = test1/Info.plist;
				LD_RUNPATH_SEARCH_PATHS = "$(inherited) @executable_path/Frameworks";
				PRODUCT_BUNDLE_IDENTIFIER = work.test1;
				PRODUCT_NAME = "$(TARGET_NAME)";
			};
			name = Debug;
		};
		CFF6108B1DCB171B007F11E7 /* Release */ = {
			isa = XCBuildConfiguration;
			buildSettings = {
				ASSETCATALOG_COMPILER_APPICON_NAME = AppIcon;
				INFOPLIST_FILE = test1/Info.plist;
				LD_RUNPATH_SEARCH_PATHS = "$(inherited) @executable_path/Frameworks";
				PRODUCT_BUNDLE_IDENTIFIER = work.test1;
				PRODUCT_NAME = "$(TARGET_NAME)";
			};
			name = Release;
		};
/* End XCBuildConfiguration section */

/* Begin XCConfigurationList section */
		CFF6106D1DCB171B007F11E7 /* Build configuration list for PBXProject "test1" */ = {
			isa = XCConfigurationList;
			buildConfigurations = (
				CFF610871DCB171B007F11E7 /* Debug */,
				CFF610881DCB171B007F11E7 /* Release */,
			);
			defaultConfigurationIsVisible = 0;
			defaultConfigurationName = Release;
		};
		CFF610891DCB171B007F11E7 /* Build configuration list for PBXNativeTarget "test1" */ = {
			isa = XCConfigurationList;
			buildConfigurations = (
				CFF6108A1DCB171B007F11E7 /* Debug */,
				CFF6108B1DCB171B007F11E7 /* Release */,
			);
			defaultConfigurationIsVisible = 0;
			defaultConfigurationName = Release;
		};
/* End XCConfigurationList section */
	};
	rootObject = CFF6106A1DCB171B007F11E7 /* Project object */;
}
